
Microsoft Visual Studio Solution File, Format Version 12.00
# 
Project("{FAE04EC0-301F-11D3-BF4B-00C04F79EFBC}") = "PetriNetEngine", "PetriNetEngine\PetriNetEngine.csproj", "{F4D1C376-5809-4B20-88DB-12AF8F1AD012}"
EndProject
Project("{FAE04EC0-301F-11D3-BF4B-00C04F79EFBC}") = "PetriNetEngine.Tests", "PetriNetEngine.Tests\PetriNetEngine.Tests.csproj", "{EBBB33F7-1BD9-4E7F-AC57-98B02CBA833D}"
EndProject
Project("{FAE04EC0-301F-11D3-BF4B-00C04F79EFBC}") = "SEA-Models", "..\SEA-Models\SEA-Models.csproj", "{9A403FB8-FA81-4054-B4AE-1C4E65484A68}"
EndProject
Global
	GlobalSection(SolutionConfigurationPlatforms) = preSolution
		Debug|Any CPU = Debug|Any CPU
		Release|Any CPU = Release|Any CPU
	EndGlobalSection
	GlobalSection(ProjectConfigurationPlatforms) = postSolution
		{F4D1C376-5809-4B20-88DB-12AF8F1AD012}.Debug|Any CPU.ActiveCfg = Debug|Any CPU
		{F4D1C376-5809-4B20-88DB-12AF8F1AD012}.Debug|Any CPU.Build.0 = Debug|Any CPU
		{F4D1C376-5809-4B20-88DB-12AF8F1AD012}.Release|Any CPU.ActiveCfg = Release|Any CPU
		{F4D1C376-5809-4B20-88DB-12AF8F1AD012}.Release|Any CPU.Build.0 = Release|Any CPU
		{EBBB33F7-1BD9-4E7F-AC57-98B02CBA833D}.Debug|Any CPU.ActiveCfg = Debug|Any CPU
		{EBBB33F7-1BD9-4E7F-AC57-98B02CBA833D}.Debug|Any CPU.Build.0 = Debug|Any CPU
		{EBBB33F7-1BD9-4E7F-AC57-98B02CBA833D}.Release|Any CPU.ActiveCfg = Release|Any CPU
		{EBBB33F7-1BD9-4E7F-AC57-98B02CBA833D}.Release|Any CPU.Build.0 = Release|Any CPU
		{9A403FB8-FA81-4054-B4AE-1C4E65484A68}.Debug|Any CPU.ActiveCfg = Debug|Any CPU
		{9A403FB8-FA81-4054-B4AE-1C4E65484A68}.Debug|Any CPU.Build.0 = Debug|Any CPU
		{9A403FB8-FA81-4054-B4AE-1C4E65484A68}.Release|Any CPU.ActiveCfg = Release|Any CPU
		{9A403FB8-FA81-4054-B4AE-1C4E65484A68}.Release|Any CPU.Build.0 = Release|Any CPU
	EndGlobalSection
EndGlobal
